{
  "object": {
    "pins": [
      {
        "package": "async-http-client",
        "repositoryURL": "https://github.com/swift-server/async-http-client.git",
        "state": {
          "branch": null,
          "revision": "51dc885a30ca704b02fa803099b0a9b5b38067b6",
          "version": "1.0.0"
        }
      },
      {
        "package": "LambdaSwiftSprinter",
        "repositoryURL": "https://github.com/swift-sprinter/aws-lambda-swift-sprinter-core",
        "state": {
          "branch": null,
          "revision": "3afe37ba73f50cf5735c82a9b389d981cefe483d",
          "version": "1.0.0-alpha3"
        }
      },
      {
        "package": "LambdaSwiftSprinterNioPlugin",
        "repositoryURL": "https://github.com/Andrea-Scuderi/aws-lambda-swift-sprinter-nio-plugin",
        "state": {
          "branch": null,
          "revision": "434f4dee782210c6e0961ea1bc9ded4cda4f24d8",
          "version": "1.0.0-alpha.3"
        }
      },
      {
        "package": "AWSSDKSwift",
        "repositoryURL": "https://github.com/swift-aws/aws-sdk-swift.git",
        "state": {
          "branch": null,
          "revision": "8229919e7bec1d249ad494e35603eb79a0b87fe4",
          "version": "4.0.0-rc1"
        }
      },
      {
        "package": "AWSSDKSwiftCore",
        "repositoryURL": "https://github.com/swift-aws/aws-sdk-swift-core.git",
        "state": {
          "branch": null,
          "revision": "4a4935ede4027b3c88d8251071f53eb56c19f56b",
          "version": "4.0.0-rc1"
        }
      },
      {
        "package": "HypertextApplicationLanguage",
        "repositoryURL": "https://github.com/swift-aws/HypertextApplicationLanguage.git",
        "state": {
          "branch": null,
          "revision": "aa2c9141d491682f17b2310aed17b9adfc006256",
          "version": "1.1.1"
        }
      },
      {
        "package": "INIParser",
        "repositoryURL": "https://github.com/swift-aws/Perfect-INIParser.git",
        "state": {
          "branch": null,
          "revision": "42de0efc7a01105e19b80d533d3d282a98277f6c",
          "version": "3.0.3"
        }
      },
      {
        "package": "swift-log",
        "repositoryURL": "https://github.com/apple/swift-log.git",
        "state": {
          "branch": null,
          "revision": "74d7b91ceebc85daf387ebb206003f78813f71aa",
          "version": "1.2.0"
        }
      },
      {
        "package": "swift-nio",
        "repositoryURL": "https://github.com/apple/swift-nio.git",
        "state": {
          "branch": null,
          "revision": "9201908b54578aa33f1d1826a5a680aca8991843",
          "version": "2.8.0"
        }
      },
      {
        "package": "swift-nio-extras",
        "repositoryURL": "https://github.com/apple/swift-nio-extras.git",
        "state": {
          "branch": null,
          "revision": "0584020dcacfa932f66b00cfbf87588ead76a528",
          "version": "1.3.0"
        }
      },
      {
        "package": "swift-nio-ssl",
        "repositoryURL": "https://github.com/apple/swift-nio-ssl.git",
        "state": {
          "branch": null,
          "revision": "bd235c580bd4e76beeefdefd86b86e08bd267d49",
          "version": "2.4.2"
        }
      }
    ]
  },
  "version": 1
}
